
Microsoft Visual Studio Solution File, Format Version 12.00
# Visual Studio Version 16
VisualStudioVersion = 16.0.29123.88
MinimumVisualStudioVersion = 10.0.40219.1
Project("{2150E333-8FDC-42A3-9474-1A3956D46DE8}") = "StacksAndQueues", "StacksAndQueues", "{781089E5-60A3-4FB8-B543-F1D39622147E}"
EndProject
Project("{FAE04EC0-301F-11D3-BF4B-00C04F79EFBC}") = "ReverseString", "ReverseString\ReverseString.csproj", "{4A3A97C1-DFFA-4675-96C7-1717FDD9C28A}"
EndProject
Project("{2150E333-8FDC-42A3-9474-1A3956D46DE8}") = "Exam", "Exam", "{7D270F1E-0D98-4030-8F14-77B54CA29F7D}"
EndProject
Project("{FAE04EC0-301F-11D3-BF4B-00C04F79EFBC}") = "SweetDEssert", "SweetDEssert\SweetDEssert.csproj", "{F874FC7C-5BFB-4959-9ADB-406A142BB827}"
EndProject
Project("{FAE04EC0-301F-11D3-BF4B-00C04F79EFBC}") = "GameOfNames", "GameOfNames\GameOfNames.csproj", "{6037D0BE-69ED-4D59-9FD1-F6F5EFD7DF7E}"
EndProject
Project("{FAE04EC0-301F-11D3-BF4B-00C04F79EFBC}") = "Strawberry", "Strawberry\Strawberry.csproj", "{A0F59268-AE0A-4F7F-97E1-1A97314BB03C}"
EndProject
Project("{FAE04EC0-301F-11D3-BF4B-00C04F79EFBC}") = "ArrayModifier", "ArrayModifier\ArrayModifier.csproj", "{74D1A486-65D4-4125-A33D-117ACB2FCEB0}"
EndProject
Project("{FAE04EC0-301F-11D3-BF4B-00C04F79EFBC}") = "SImpleCalculator", "SImpleCalculator\SImpleCalculator.csproj", "{C9E18C36-298F-41D7-8A05-56A28FC5CE85}"
EndProject
Project("{FAE04EC0-301F-11D3-BF4B-00C04F79EFBC}") = "DecimalToBinaryConverter", "DecimalToBinaryConverter\DecimalToBinaryConverter.csproj", "{43C0765E-E24D-41D2-B8C5-0386082CB365}"
EndProject
Project("{FAE04EC0-301F-11D3-BF4B-00C04F79EFBC}") = "MatchingBrackets", "MatchingBrackets\MatchingBrackets.csproj", "{46E9DC27-2704-4FE3-B40A-677CB7C2869D}"
EndProject
Project("{FAE04EC0-301F-11D3-BF4B-00C04F79EFBC}") = "HotPotato", "HotPotato\HotPotato.csproj", "{D0A4E78A-7097-42A4-8677-8E39D91360F9}"
EndProject
Project("{FAE04EC0-301F-11D3-BF4B-00C04F79EFBC}") = "MathPotato", "MathPotato\MathPotato.csproj", "{A3B42CCF-E32C-49D4-A8F2-272D115C3ECD}"
EndProject
Project("{FAE04EC0-301F-11D3-BF4B-00C04F79EFBC}") = "ReverseNumbers", "ReverseNumbers\ReverseNumbers.csproj", "{B11CE738-96B3-488D-A473-FC88A246FDD2}"
EndProject
Project("{FAE04EC0-301F-11D3-BF4B-00C04F79EFBC}") = "BasicStackOperations", "BasicStackOperations\BasicStackOperations.csproj", "{4485455A-C05A-4160-AC05-A9EA89ED7834}"
EndProject
Project("{FAE04EC0-301F-11D3-BF4B-00C04F79EFBC}") = "BasicQueueOperations", "BasicQueueOperations\BasicQueueOperations.csproj", "{0E3C5461-2C96-4395-A07D-F28511C81960}"
EndProject
Project("{FAE04EC0-301F-11D3-BF4B-00C04F79EFBC}") = "MaximumElement", "MaximumElement\MaximumElement.csproj", "{9BBF4F88-3BC5-4008-B373-0D0942DE176B}"
EndProject
Global
	GlobalSection(SolutionConfigurationPlatforms) = preSolution
		Debug|Any CPU = Debug|Any CPU
		Debug|ARM = Debug|ARM
		Debug|ARM64 = Debug|ARM64
		Debug|x64 = Debug|x64
		Debug|x86 = Debug|x86
		Release|Any CPU = Release|Any CPU
		Release|ARM = Release|ARM
		Release|ARM64 = Release|ARM64
		Release|x64 = Release|x64
		Release|x86 = Release|x86
	EndGlobalSection
	GlobalSection(ProjectConfigurationPlatforms) = postSolution
		{4A3A97C1-DFFA-4675-96C7-1717FDD9C28A}.Debug|Any CPU.ActiveCfg = Debug|Any CPU
		{4A3A97C1-DFFA-4675-96C7-1717FDD9C28A}.Debug|Any CPU.Build.0 = Debug|Any CPU
		{4A3A97C1-DFFA-4675-96C7-1717FDD9C28A}.Debug|ARM.ActiveCfg = Debug|Any CPU
		{4A3A97C1-DFFA-4675-96C7-1717FDD9C28A}.Debug|ARM.Build.0 = Debug|Any CPU
		{4A3A97C1-DFFA-4675-96C7-1717FDD9C28A}.Debug|ARM64.ActiveCfg = Debug|Any CPU
		{4A3A97C1-DFFA-4675-96C7-1717FDD9C28A}.Debug|ARM64.Build.0 = Debug|Any CPU
		{4A3A97C1-DFFA-4675-96C7-1717FDD9C28A}.Debug|x64.ActiveCfg = Debug|Any CPU
		{4A3A97C1-DFFA-4675-96C7-1717FDD9C28A}.Debug|x64.Build.0 = Debug|Any CPU
		{4A3A97C1-DFFA-4675-96C7-1717FDD9C28A}.Debug|x86.ActiveCfg = Debug|Any CPU
		{4A3A97C1-DFFA-4675-96C7-1717FDD9C28A}.Debug|x86.Build.0 = Debug|Any CPU
		{4A3A97C1-DFFA-4675-96C7-1717FDD9C28A}.Release|Any CPU.ActiveCfg = Release|Any CPU
		{4A3A97C1-DFFA-4675-96C7-1717FDD9C28A}.Release|Any CPU.Build.0 = Release|Any CPU
		{4A3A97C1-DFFA-4675-96C7-1717FDD9C28A}.Release|ARM.ActiveCfg = Release|Any CPU
		{4A3A97C1-DFFA-4675-96C7-1717FDD9C28A}.Release|ARM.Build.0 = Release|Any CPU
		{4A3A97C1-DFFA-4675-96C7-1717FDD9C28A}.Release|ARM64.ActiveCfg = Release|Any CPU
		{4A3A97C1-DFFA-4675-96C7-1717FDD9C28A}.Release|ARM64.Build.0 = Release|Any CPU
		{4A3A97C1-DFFA-4675-96C7-1717FDD9C28A}.Release|x64.ActiveCfg = Release|Any CPU
		{4A3A97C1-DFFA-4675-96C7-1717FDD9C28A}.Release|x64.Build.0 = Release|Any CPU
		{4A3A97C1-DFFA-4675-96C7-1717FDD9C28A}.Release|x86.ActiveCfg = Release|Any CPU
		{4A3A97C1-DFFA-4675-96C7-1717FDD9C28A}.Release|x86.Build.0 = Release|Any CPU
		{F874FC7C-5BFB-4959-9ADB-406A142BB827}.Debug|Any CPU.ActiveCfg = Debug|Any CPU
		{F874FC7C-5BFB-4959-9ADB-406A142BB827}.Debug|Any CPU.Build.0 = Debug|Any CPU
		{F874FC7C-5BFB-4959-9ADB-406A142BB827}.Debug|ARM.ActiveCfg = Debug|Any CPU
		{F874FC7C-5BFB-4959-9ADB-406A142BB827}.Debug|ARM.Build.0 = Debug|Any CPU
		{F874FC7C-5BFB-4959-9ADB-406A142BB827}.Debug|ARM64.ActiveCfg = Debug|Any CPU
		{F874FC7C-5BFB-4959-9ADB-406A142BB827}.Debug|ARM64.Build.0 = Debug|Any CPU
		{F874FC7C-5BFB-4959-9ADB-406A142BB827}.Debug|x64.ActiveCfg = Debug|Any CPU
		{F874FC7C-5BFB-4959-9ADB-406A142BB827}.Debug|x64.Build.0 = Debug|Any CPU
		{F874FC7C-5BFB-4959-9ADB-406A142BB827}.Debug|x86.ActiveCfg = Debug|Any CPU
		{F874FC7C-5BFB-4959-9ADB-406A142BB827}.Debug|x86.Build.0 = Debug|Any CPU
		{F874FC7C-5BFB-4959-9ADB-406A142BB827}.Release|Any CPU.ActiveCfg = Release|Any CPU
		{F874FC7C-5BFB-4959-9ADB-406A142BB827}.Release|Any CPU.Build.0 = Release|Any CPU
		{F874FC7C-5BFB-4959-9ADB-406A142BB827}.Release|ARM.ActiveCfg = Release|Any CPU
		{F874FC7C-5BFB-4959-9ADB-406A142BB827}.Release|ARM.Build.0 = Release|Any CPU
		{F874FC7C-5BFB-4959-9ADB-406A142BB827}.Release|ARM64.ActiveCfg = Release|Any CPU
		{F874FC7C-5BFB-4959-9ADB-406A142BB827}.Release|ARM64.Build.0 = Release|Any CPU
		{F874FC7C-5BFB-4959-9ADB-406A142BB827}.Release|x64.ActiveCfg = Release|Any CPU
		{F874FC7C-5BFB-4959-9ADB-406A142BB827}.Release|x64.Build.0 = Release|Any CPU
		{F874FC7C-5BFB-4959-9ADB-406A142BB827}.Release|x86.ActiveCfg = Release|Any CPU
		{F874FC7C-5BFB-4959-9ADB-406A142BB827}.Release|x86.Build.0 = Release|Any CPU
		{6037D0BE-69ED-4D59-9FD1-F6F5EFD7DF7E}.Debug|Any CPU.ActiveCfg = Debug|Any CPU
		{6037D0BE-69ED-4D59-9FD1-F6F5EFD7DF7E}.Debug|Any CPU.Build.0 = Debug|Any CPU
		{6037D0BE-69ED-4D59-9FD1-F6F5EFD7DF7E}.Debug|ARM.ActiveCfg = Debug|Any CPU
		{6037D0BE-69ED-4D59-9FD1-F6F5EFD7DF7E}.Debug|ARM.Build.0 = Debug|Any CPU
		{6037D0BE-69ED-4D59-9FD1-F6F5EFD7DF7E}.Debug|ARM64.ActiveCfg = Debug|Any CPU
		{6037D0BE-69ED-4D59-9FD1-F6F5EFD7DF7E}.Debug|ARM64.Build.0 = Debug|Any CPU
		{6037D0BE-69ED-4D59-9FD1-F6F5EFD7DF7E}.Debug|x64.ActiveCfg = Debug|Any CPU
		{6037D0BE-69ED-4D59-9FD1-F6F5EFD7DF7E}.Debug|x64.Build.0 = Debug|Any CPU
		{6037D0BE-69ED-4D59-9FD1-F6F5EFD7DF7E}.Debug|x86.ActiveCfg = Debug|Any CPU
		{6037D0BE-69ED-4D59-9FD1-F6F5EFD7DF7E}.Debug|x86.Build.0 = Debug|Any CPU
		{6037D0BE-69ED-4D59-9FD1-F6F5EFD7DF7E}.Release|Any CPU.ActiveCfg = Release|Any CPU
		{6037D0BE-69ED-4D59-9FD1-F6F5EFD7DF7E}.Release|Any CPU.Build.0 = Release|Any CPU
		{6037D0BE-69ED-4D59-9FD1-F6F5EFD7DF7E}.Release|ARM.ActiveCfg = Release|Any CPU
		{6037D0BE-69ED-4D59-9FD1-F6F5EFD7DF7E}.Release|ARM.Build.0 = Release|Any CPU
		{6037D0BE-69ED-4D59-9FD1-F6F5EFD7DF7E}.Release|ARM64.ActiveCfg = Release|Any CPU
		{6037D0BE-69ED-4D59-9FD1-F6F5EFD7DF7E}.Release|ARM64.Build.0 = Release|Any CPU
		{6037D0BE-69ED-4D59-9FD1-F6F5EFD7DF7E}.Release|x64.ActiveCfg = Release|Any CPU
		{6037D0BE-69ED-4D59-9FD1-F6F5EFD7DF7E}.Release|x64.Build.0 = Release|Any CPU
		{6037D0BE-69ED-4D59-9FD1-F6F5EFD7DF7E}.Release|x86.ActiveCfg = Release|Any CPU
		{6037D0BE-69ED-4D59-9FD1-F6F5EFD7DF7E}.Release|x86.Build.0 = Release|Any CPU
		{A0F59268-AE0A-4F7F-97E1-1A97314BB03C}.Debug|Any CPU.ActiveCfg = Debug|Any CPU
		{A0F59268-AE0A-4F7F-97E1-1A97314BB03C}.Debug|Any CPU.Build.0 = Debug|Any CPU
		{A0F59268-AE0A-4F7F-97E1-1A97314BB03C}.Debug|ARM.ActiveCfg = Debug|Any CPU
		{A0F59268-AE0A-4F7F-97E1-1A97314BB03C}.Debug|ARM.Build.0 = Debug|Any CPU
		{A0F59268-AE0A-4F7F-97E1-1A97314BB03C}.Debug|ARM64.ActiveCfg = Debug|Any CPU
		{A0F59268-AE0A-4F7F-97E1-1A97314BB03C}.Debug|ARM64.Build.0 = Debug|Any CPU
		{A0F59268-AE0A-4F7F-97E1-1A97314BB03C}.Debug|x64.ActiveCfg = Debug|Any CPU
		{A0F59268-AE0A-4F7F-97E1-1A97314BB03C}.Debug|x64.Build.0 = Debug|Any CPU
		{A0F59268-AE0A-4F7F-97E1-1A97314BB03C}.Debug|x86.ActiveCfg = Debug|Any CPU
		{A0F59268-AE0A-4F7F-97E1-1A97314BB03C}.Debug|x86.Build.0 = Debug|Any CPU
		{A0F59268-AE0A-4F7F-97E1-1A97314BB03C}.Release|Any CPU.ActiveCfg = Release|Any CPU
		{A0F59268-AE0A-4F7F-97E1-1A97314BB03C}.Release|Any CPU.Build.0 = Release|Any CPU
		{A0F59268-AE0A-4F7F-97E1-1A97314BB03C}.Release|ARM.ActiveCfg = Release|Any CPU
		{A0F59268-AE0A-4F7F-97E1-1A97314BB03C}.Release|ARM.Build.0 = Release|Any CPU
		{A0F59268-AE0A-4F7F-97E1-1A97314BB03C}.Release|ARM64.ActiveCfg = Release|Any CPU
		{A0F59268-AE0A-4F7F-97E1-1A97314BB03C}.Release|ARM64.Build.0 = Release|Any CPU
		{A0F59268-AE0A-4F7F-97E1-1A97314BB03C}.Release|x64.ActiveCfg = Release|Any CPU
		{A0F59268-AE0A-4F7F-97E1-1A97314BB03C}.Release|x64.Build.0 = Release|Any CPU
		{A0F59268-AE0A-4F7F-97E1-1A97314BB03C}.Release|x86.ActiveCfg = Release|Any CPU
		{A0F59268-AE0A-4F7F-97E1-1A97314BB03C}.Release|x86.Build.0 = Release|Any CPU
		{74D1A486-65D4-4125-A33D-117ACB2FCEB0}.Debug|Any CPU.ActiveCfg = Debug|Any CPU
		{74D1A486-65D4-4125-A33D-117ACB2FCEB0}.Debug|Any CPU.Build.0 = Debug|Any CPU
		{74D1A486-65D4-4125-A33D-117ACB2FCEB0}.Debug|ARM.ActiveCfg = Debug|Any CPU
		{74D1A486-65D4-4125-A33D-117ACB2FCEB0}.Debug|ARM.Build.0 = Debug|Any CPU
		{74D1A486-65D4-4125-A33D-117ACB2FCEB0}.Debug|ARM64.ActiveCfg = Debug|Any CPU
		{74D1A486-65D4-4125-A33D-117ACB2FCEB0}.Debug|ARM64.Build.0 = Debug|Any CPU
		{74D1A486-65D4-4125-A33D-117ACB2FCEB0}.Debug|x64.ActiveCfg = Debug|Any CPU
		{74D1A486-65D4-4125-A33D-117ACB2FCEB0}.Debug|x64.Build.0 = Debug|Any CPU
		{74D1A486-65D4-4125-A33D-117ACB2FCEB0}.Debug|x86.ActiveCfg = Debug|Any CPU
		{74D1A486-65D4-4125-A33D-117ACB2FCEB0}.Debug|x86.Build.0 = Debug|Any CPU
		{74D1A486-65D4-4125-A33D-117ACB2FCEB0}.Release|Any CPU.ActiveCfg = Release|Any CPU
		{74D1A486-65D4-4125-A33D-117ACB2FCEB0}.Release|Any CPU.Build.0 = Release|Any CPU
		{74D1A486-65D4-4125-A33D-117ACB2FCEB0}.Release|ARM.ActiveCfg = Release|Any CPU
		{74D1A486-65D4-4125-A33D-117ACB2FCEB0}.Release|ARM.Build.0 = Release|Any CPU
		{74D1A486-65D4-4125-A33D-117ACB2FCEB0}.Release|ARM64.ActiveCfg = Release|Any CPU
		{74D1A486-65D4-4125-A33D-117ACB2FCEB0}.Release|ARM64.Build.0 = Release|Any CPU
		{74D1A486-65D4-4125-A33D-117ACB2FCEB0}.Release|x64.ActiveCfg = Release|Any CPU
		{74D1A486-65D4-4125-A33D-117ACB2FCEB0}.Release|x64.Build.0 = Release|Any CPU
		{74D1A486-65D4-4125-A33D-117ACB2FCEB0}.Release|x86.ActiveCfg = Release|Any CPU
		{74D1A486-65D4-4125-A33D-117ACB2FCEB0}.Release|x86.Build.0 = Release|Any CPU
		{C9E18C36-298F-41D7-8A05-56A28FC5CE85}.Debug|Any CPU.ActiveCfg = Debug|Any CPU
		{C9E18C36-298F-41D7-8A05-56A28FC5CE85}.Debug|Any CPU.Build.0 = Debug|Any CPU
		{C9E18C36-298F-41D7-8A05-56A28FC5CE85}.Debug|ARM.ActiveCfg = Debug|Any CPU
		{C9E18C36-298F-41D7-8A05-56A28FC5CE85}.Debug|ARM.Build.0 = Debug|Any CPU
		{C9E18C36-298F-41D7-8A05-56A28FC5CE85}.Debug|ARM64.ActiveCfg = Debug|Any CPU
		{C9E18C36-298F-41D7-8A05-56A28FC5CE85}.Debug|ARM64.Build.0 = Debug|Any CPU
		{C9E18C36-298F-41D7-8A05-56A28FC5CE85}.Debug|x64.ActiveCfg = Debug|Any CPU
		{C9E18C36-298F-41D7-8A05-56A28FC5CE85}.Debug|x64.Build.0 = Debug|Any CPU
		{C9E18C36-298F-41D7-8A05-56A28FC5CE85}.Debug|x86.ActiveCfg = Debug|Any CPU
		{C9E18C36-298F-41D7-8A05-56A28FC5CE85}.Debug|x86.Build.0 = Debug|Any CPU
		{C9E18C36-298F-41D7-8A05-56A28FC5CE85}.Release|Any CPU.ActiveCfg = Release|Any CPU
		{C9E18C36-298F-41D7-8A05-56A28FC5CE85}.Release|Any CPU.Build.0 = Release|Any CPU
		{C9E18C36-298F-41D7-8A05-56A28FC5CE85}.Release|ARM.ActiveCfg = Release|Any CPU
		{C9E18C36-298F-41D7-8A05-56A28FC5CE85}.Release|ARM.Build.0 = Release|Any CPU
		{C9E18C36-298F-41D7-8A05-56A28FC5CE85}.Release|ARM64.ActiveCfg = Release|Any CPU
		{C9E18C36-298F-41D7-8A05-56A28FC5CE85}.Release|ARM64.Build.0 = Release|Any CPU
		{C9E18C36-298F-41D7-8A05-56A28FC5CE85}.Release|x64.ActiveCfg = Release|Any CPU
		{C9E18C36-298F-41D7-8A05-56A28FC5CE85}.Release|x64.Build.0 = Release|Any CPU
		{C9E18C36-298F-41D7-8A05-56A28FC5CE85}.Release|x86.ActiveCfg = Release|Any CPU
		{C9E18C36-298F-41D7-8A05-56A28FC5CE85}.Release|x86.Build.0 = Release|Any CPU
		{43C0765E-E24D-41D2-B8C5-0386082CB365}.Debug|Any CPU.ActiveCfg = Debug|Any CPU
		{43C0765E-E24D-41D2-B8C5-0386082CB365}.Debug|Any CPU.Build.0 = Debug|Any CPU
		{43C0765E-E24D-41D2-B8C5-0386082CB365}.Debug|ARM.ActiveCfg = Debug|Any CPU
		{43C0765E-E24D-41D2-B8C5-0386082CB365}.Debug|ARM.Build.0 = Debug|Any CPU
		{43C0765E-E24D-41D2-B8C5-0386082CB365}.Debug|ARM64.ActiveCfg = Debug|Any CPU
		{43C0765E-E24D-41D2-B8C5-0386082CB365}.Debug|ARM64.Build.0 = Debug|Any CPU
		{43C0765E-E24D-41D2-B8C5-0386082CB365}.Debug|x64.ActiveCfg = Debug|Any CPU
		{43C0765E-E24D-41D2-B8C5-0386082CB365}.Debug|x64.Build.0 = Debug|Any CPU
		{43C0765E-E24D-41D2-B8C5-0386082CB365}.Debug|x86.ActiveCfg = Debug|Any CPU
		{43C0765E-E24D-41D2-B8C5-0386082CB365}.Debug|x86.Build.0 = Debug|Any CPU
		{43C0765E-E24D-41D2-B8C5-0386082CB365}.Release|Any CPU.ActiveCfg = Release|Any CPU
		{43C0765E-E24D-41D2-B8C5-0386082CB365}.Release|Any CPU.Build.0 = Release|Any CPU
		{43C0765E-E24D-41D2-B8C5-0386082CB365}.Release|ARM.ActiveCfg = Release|Any CPU
		{43C0765E-E24D-41D2-B8C5-0386082CB365}.Release|ARM.Build.0 = Release|Any CPU
		{43C0765E-E24D-41D2-B8C5-0386082CB365}.Release|ARM64.ActiveCfg = Release|Any CPU
		{43C0765E-E24D-41D2-B8C5-0386082CB365}.Release|ARM64.Build.0 = Release|Any CPU
		{43C0765E-E24D-41D2-B8C5-0386082CB365}.Release|x64.ActiveCfg = Release|Any CPU
		{43C0765E-E24D-41D2-B8C5-0386082CB365}.Release|x64.Build.0 = Release|Any CPU
		{43C0765E-E24D-41D2-B8C5-0386082CB365}.Release|x86.ActiveCfg = Release|Any CPU
		{43C0765E-E24D-41D2-B8C5-0386082CB365}.Release|x86.Build.0 = Release|Any CPU
		{46E9DC27-2704-4FE3-B40A-677CB7C2869D}.Debug|Any CPU.ActiveCfg = Debug|Any CPU
		{46E9DC27-2704-4FE3-B40A-677CB7C2869D}.Debug|Any CPU.Build.0 = Debug|Any CPU
		{46E9DC27-2704-4FE3-B40A-677CB7C2869D}.Debug|ARM.ActiveCfg = Debug|Any CPU
		{46E9DC27-2704-4FE3-B40A-677CB7C2869D}.Debug|ARM.Build.0 = Debug|Any CPU
		{46E9DC27-2704-4FE3-B40A-677CB7C2869D}.Debug|ARM64.ActiveCfg = Debug|Any CPU
		{46E9DC27-2704-4FE3-B40A-677CB7C2869D}.Debug|ARM64.Build.0 = Debug|Any CPU
		{46E9DC27-2704-4FE3-B40A-677CB7C2869D}.Debug|x64.ActiveCfg = Debug|Any CPU
		{46E9DC27-2704-4FE3-B40A-677CB7C2869D}.Debug|x64.Build.0 = Debug|Any CPU
		{46E9DC27-2704-4FE3-B40A-677CB7C2869D}.Debug|x86.ActiveCfg = Debug|Any CPU
		{46E9DC27-2704-4FE3-B40A-677CB7C2869D}.Debug|x86.Build.0 = Debug|Any CPU
		{46E9DC27-2704-4FE3-B40A-677CB7C2869D}.Release|Any CPU.ActiveCfg = Release|Any CPU
		{46E9DC27-2704-4FE3-B40A-677CB7C2869D}.Release|Any CPU.Build.0 = Release|Any CPU
		{46E9DC27-2704-4FE3-B40A-677CB7C2869D}.Release|ARM.ActiveCfg = Release|Any CPU
		{46E9DC27-2704-4FE3-B40A-677CB7C2869D}.Release|ARM.Build.0 = Release|Any CPU
		{46E9DC27-2704-4FE3-B40A-677CB7C2869D}.Release|ARM64.ActiveCfg = Release|Any CPU
		{46E9DC27-2704-4FE3-B40A-677CB7C2869D}.Release|ARM64.Build.0 = Release|Any CPU
		{46E9DC27-2704-4FE3-B40A-677CB7C2869D}.Release|x64.ActiveCfg = Release|Any CPU
		{46E9DC27-2704-4FE3-B40A-677CB7C2869D}.Release|x64.Build.0 = Release|Any CPU
		{46E9DC27-2704-4FE3-B40A-677CB7C2869D}.Release|x86.ActiveCfg = Release|Any CPU
		{46E9DC27-2704-4FE3-B40A-677CB7C2869D}.Release|x86.Build.0 = Release|Any CPU
		{D0A4E78A-7097-42A4-8677-8E39D91360F9}.Debug|Any CPU.ActiveCfg = Debug|Any CPU
		{D0A4E78A-7097-42A4-8677-8E39D91360F9}.Debug|Any CPU.Build.0 = Debug|Any CPU
		{D0A4E78A-7097-42A4-8677-8E39D91360F9}.Debug|ARM.ActiveCfg = Debug|Any CPU
		{D0A4E78A-7097-42A4-8677-8E39D91360F9}.Debug|ARM.Build.0 = Debug|Any CPU
		{D0A4E78A-7097-42A4-8677-8E39D91360F9}.Debug|ARM64.ActiveCfg = Debug|Any CPU
		{D0A4E78A-7097-42A4-8677-8E39D91360F9}.Debug|ARM64.Build.0 = Debug|Any CPU
		{D0A4E78A-7097-42A4-8677-8E39D91360F9}.Debug|x64.ActiveCfg = Debug|Any CPU
		{D0A4E78A-7097-42A4-8677-8E39D91360F9}.Debug|x64.Build.0 = Debug|Any CPU
		{D0A4E78A-7097-42A4-8677-8E39D91360F9}.Debug|x86.ActiveCfg = Debug|Any CPU
		{D0A4E78A-7097-42A4-8677-8E39D91360F9}.Debug|x86.Build.0 = Debug|Any CPU
		{D0A4E78A-7097-42A4-8677-8E39D91360F9}.Release|Any CPU.ActiveCfg = Release|Any CPU
		{D0A4E78A-7097-42A4-8677-8E39D91360F9}.Release|Any CPU.Build.0 = Release|Any CPU
		{D0A4E78A-7097-42A4-8677-8E39D91360F9}.Release|ARM.ActiveCfg = Release|Any CPU
		{D0A4E78A-7097-42A4-8677-8E39D91360F9}.Release|ARM.Build.0 = Release|Any CPU
		{D0A4E78A-7097-42A4-8677-8E39D91360F9}.Release|ARM64.ActiveCfg = Release|Any CPU
		{D0A4E78A-7097-42A4-8677-8E39D91360F9}.Release|ARM64.Build.0 = Release|Any CPU
		{D0A4E78A-7097-42A4-8677-8E39D91360F9}.Release|x64.ActiveCfg = Release|Any CPU
		{D0A4E78A-7097-42A4-8677-8E39D91360F9}.Release|x64.Build.0 = Release|Any CPU
		{D0A4E78A-7097-42A4-8677-8E39D91360F9}.Release|x86.ActiveCfg = Release|Any CPU
		{D0A4E78A-7097-42A4-8677-8E39D91360F9}.Release|x86.Build.0 = Release|Any CPU
		{A3B42CCF-E32C-49D4-A8F2-272D115C3ECD}.Debug|Any CPU.ActiveCfg = Debug|Any CPU
		{A3B42CCF-E32C-49D4-A8F2-272D115C3ECD}.Debug|Any CPU.Build.0 = Debug|Any CPU
		{A3B42CCF-E32C-49D4-A8F2-272D115C3ECD}.Debug|ARM.ActiveCfg = Debug|Any CPU
		{A3B42CCF-E32C-49D4-A8F2-272D115C3ECD}.Debug|ARM.Build.0 = Debug|Any CPU
		{A3B42CCF-E32C-49D4-A8F2-272D115C3ECD}.Debug|ARM64.ActiveCfg = Debug|Any CPU
		{A3B42CCF-E32C-49D4-A8F2-272D115C3ECD}.Debug|ARM64.Build.0 = Debug|Any CPU
		{A3B42CCF-E32C-49D4-A8F2-272D115C3ECD}.Debug|x64.ActiveCfg = Debug|Any CPU
		{A3B42CCF-E32C-49D4-A8F2-272D115C3ECD}.Debug|x64.Build.0 = Debug|Any CPU
		{A3B42CCF-E32C-49D4-A8F2-272D115C3ECD}.Debug|x86.ActiveCfg = Debug|Any CPU
		{A3B42CCF-E32C-49D4-A8F2-272D115C3ECD}.Debug|x86.Build.0 = Debug|Any CPU
		{A3B42CCF-E32C-49D4-A8F2-272D115C3ECD}.Release|Any CPU.ActiveCfg = Release|Any CPU
		{A3B42CCF-E32C-49D4-A8F2-272D115C3ECD}.Release|Any CPU.Build.0 = Release|Any CPU
		{A3B42CCF-E32C-49D4-A8F2-272D115C3ECD}.Release|ARM.ActiveCfg = Release|Any CPU
		{A3B42CCF-E32C-49D4-A8F2-272D115C3ECD}.Release|ARM.Build.0 = Release|Any CPU
		{A3B42CCF-E32C-49D4-A8F2-272D115C3ECD}.Release|ARM64.ActiveCfg = Release|Any CPU
		{A3B42CCF-E32C-49D4-A8F2-272D115C3ECD}.Release|ARM64.Build.0 = Release|Any CPU
		{A3B42CCF-E32C-49D4-A8F2-272D115C3ECD}.Release|x64.ActiveCfg = Release|Any CPU
		{A3B42CCF-E32C-49D4-A8F2-272D115C3ECD}.Release|x64.Build.0 = Release|Any CPU
		{A3B42CCF-E32C-49D4-A8F2-272D115C3ECD}.Release|x86.ActiveCfg = Release|Any CPU
		{A3B42CCF-E32C-49D4-A8F2-272D115C3ECD}.Release|x86.Build.0 = Release|Any CPU
		{B11CE738-96B3-488D-A473-FC88A246FDD2}.Debug|Any CPU.ActiveCfg = Debug|Any CPU
		{B11CE738-96B3-488D-A473-FC88A246FDD2}.Debug|Any CPU.Build.0 = Debug|Any CPU
		{B11CE738-96B3-488D-A473-FC88A246FDD2}.Debug|ARM.ActiveCfg = Debug|Any CPU
		{B11CE738-96B3-488D-A473-FC88A246FDD2}.Debug|ARM.Build.0 = Debug|Any CPU
		{B11CE738-96B3-488D-A473-FC88A246FDD2}.Debug|ARM64.ActiveCfg = Debug|Any CPU
		{B11CE738-96B3-488D-A473-FC88A246FDD2}.Debug|ARM64.Build.0 = Debug|Any CPU
		{B11CE738-96B3-488D-A473-FC88A246FDD2}.Debug|x64.ActiveCfg = Debug|Any CPU
		{B11CE738-96B3-488D-A473-FC88A246FDD2}.Debug|x64.Build.0 = Debug|Any CPU
		{B11CE738-96B3-488D-A473-FC88A246FDD2}.Debug|x86.ActiveCfg = Debug|Any CPU
		{B11CE738-96B3-488D-A473-FC88A246FDD2}.Debug|x86.Build.0 = Debug|Any CPU
		{B11CE738-96B3-488D-A473-FC88A246FDD2}.Release|Any CPU.ActiveCfg = Release|Any CPU
		{B11CE738-96B3-488D-A473-FC88A246FDD2}.Release|Any CPU.Build.0 = Release|Any CPU
		{B11CE738-96B3-488D-A473-FC88A246FDD2}.Release|ARM.ActiveCfg = Release|Any CPU
		{B11CE738-96B3-488D-A473-FC88A246FDD2}.Release|ARM.Build.0 = Release|Any CPU
		{B11CE738-96B3-488D-A473-FC88A246FDD2}.Release|ARM64.ActiveCfg = Release|Any CPU
		{B11CE738-96B3-488D-A473-FC88A246FDD2}.Release|ARM64.Build.0 = Release|Any CPU
		{B11CE738-96B3-488D-A473-FC88A246FDD2}.Release|x64.ActiveCfg = Release|Any CPU
		{B11CE738-96B3-488D-A473-FC88A246FDD2}.Release|x64.Build.0 = Release|Any CPU
		{B11CE738-96B3-488D-A473-FC88A246FDD2}.Release|x86.ActiveCfg = Release|Any CPU
		{B11CE738-96B3-488D-A473-FC88A246FDD2}.Release|x86.Build.0 = Release|Any CPU
		{4485455A-C05A-4160-AC05-A9EA89ED7834}.Debug|Any CPU.ActiveCfg = Debug|Any CPU
		{4485455A-C05A-4160-AC05-A9EA89ED7834}.Debug|Any CPU.Build.0 = Debug|Any CPU
		{4485455A-C05A-4160-AC05-A9EA89ED7834}.Debug|ARM.ActiveCfg = Debug|Any CPU
		{4485455A-C05A-4160-AC05-A9EA89ED7834}.Debug|ARM.Build.0 = Debug|Any CPU
		{4485455A-C05A-4160-AC05-A9EA89ED7834}.Debug|ARM64.ActiveCfg = Debug|Any CPU
		{4485455A-C05A-4160-AC05-A9EA89ED7834}.Debug|ARM64.Build.0 = Debug|Any CPU
		{4485455A-C05A-4160-AC05-A9EA89ED7834}.Debug|x64.ActiveCfg = Debug|Any CPU
		{4485455A-C05A-4160-AC05-A9EA89ED7834}.Debug|x64.Build.0 = Debug|Any CPU
		{4485455A-C05A-4160-AC05-A9EA89ED7834}.Debug|x86.ActiveCfg = Debug|Any CPU
		{4485455A-C05A-4160-AC05-A9EA89ED7834}.Debug|x86.Build.0 = Debug|Any CPU
		{4485455A-C05A-4160-AC05-A9EA89ED7834}.Release|Any CPU.ActiveCfg = Release|Any CPU
		{4485455A-C05A-4160-AC05-A9EA89ED7834}.Release|Any CPU.Build.0 = Release|Any CPU
		{4485455A-C05A-4160-AC05-A9EA89ED7834}.Release|ARM.ActiveCfg = Release|Any CPU
		{4485455A-C05A-4160-AC05-A9EA89ED7834}.Release|ARM.Build.0 = Release|Any CPU
		{4485455A-C05A-4160-AC05-A9EA89ED7834}.Release|ARM64.ActiveCfg = Release|Any CPU
		{4485455A-C05A-4160-AC05-A9EA89ED7834}.Release|ARM64.Build.0 = Release|Any CPU
		{4485455A-C05A-4160-AC05-A9EA89ED7834}.Release|x64.ActiveCfg = Release|Any CPU
		{4485455A-C05A-4160-AC05-A9EA89ED7834}.Release|x64.Build.0 = Release|Any CPU
		{4485455A-C05A-4160-AC05-A9EA89ED7834}.Release|x86.ActiveCfg = Release|Any CPU
		{4485455A-C05A-4160-AC05-A9EA89ED7834}.Release|x86.Build.0 = Release|Any CPU
		{0E3C5461-2C96-4395-A07D-F28511C81960}.Debug|Any CPU.ActiveCfg = Debug|Any CPU
		{0E3C5461-2C96-4395-A07D-F28511C81960}.Debug|Any CPU.Build.0 = Debug|Any CPU
		{0E3C5461-2C96-4395-A07D-F28511C81960}.Debug|ARM.ActiveCfg = Debug|Any CPU
		{0E3C5461-2C96-4395-A07D-F28511C81960}.Debug|ARM.Build.0 = Debug|Any CPU
		{0E3C5461-2C96-4395-A07D-F28511C81960}.Debug|ARM64.ActiveCfg = Debug|Any CPU
		{0E3C5461-2C96-4395-A07D-F28511C81960}.Debug|ARM64.Build.0 = Debug|Any CPU
		{0E3C5461-2C96-4395-A07D-F28511C81960}.Debug|x64.ActiveCfg = Debug|Any CPU
		{0E3C5461-2C96-4395-A07D-F28511C81960}.Debug|x64.Build.0 = Debug|Any CPU
		{0E3C5461-2C96-4395-A07D-F28511C81960}.Debug|x86.ActiveCfg = Debug|Any CPU
		{0E3C5461-2C96-4395-A07D-F28511C81960}.Debug|x86.Build.0 = Debug|Any CPU
		{0E3C5461-2C96-4395-A07D-F28511C81960}.Release|Any CPU.ActiveCfg = Release|Any CPU
		{0E3C5461-2C96-4395-A07D-F28511C81960}.Release|Any CPU.Build.0 = Release|Any CPU
		{0E3C5461-2C96-4395-A07D-F28511C81960}.Release|ARM.ActiveCfg = Release|Any CPU
		{0E3C5461-2C96-4395-A07D-F28511C81960}.Release|ARM.Build.0 = Release|Any CPU
		{0E3C5461-2C96-4395-A07D-F28511C81960}.Release|ARM64.ActiveCfg = Release|Any CPU
		{0E3C5461-2C96-4395-A07D-F28511C81960}.Release|ARM64.Build.0 = Release|Any CPU
		{0E3C5461-2C96-4395-A07D-F28511C81960}.Release|x64.ActiveCfg = Release|Any CPU
		{0E3C5461-2C96-4395-A07D-F28511C81960}.Release|x64.Build.0 = Release|Any CPU
		{0E3C5461-2C96-4395-A07D-F28511C81960}.Release|x86.ActiveCfg = Release|Any CPU
		{0E3C5461-2C96-4395-A07D-F28511C81960}.Release|x86.Build.0 = Release|Any CPU
		{9BBF4F88-3BC5-4008-B373-0D0942DE176B}.Debug|Any CPU.ActiveCfg = Debug|Any CPU
		{9BBF4F88-3BC5-4008-B373-0D0942DE176B}.Debug|Any CPU.Build.0 = Debug|Any CPU
		{9BBF4F88-3BC5-4008-B373-0D0942DE176B}.Debug|ARM.ActiveCfg = Debug|Any CPU
		{9BBF4F88-3BC5-4008-B373-0D0942DE176B}.Debug|ARM.Build.0 = Debug|Any CPU
		{9BBF4F88-3BC5-4008-B373-0D0942DE176B}.Debug|ARM64.ActiveCfg = Debug|Any CPU
		{9BBF4F88-3BC5-4008-B373-0D0942DE176B}.Debug|ARM64.Build.0 = Debug|Any CPU
		{9BBF4F88-3BC5-4008-B373-0D0942DE176B}.Debug|x64.ActiveCfg = Debug|Any CPU
		{9BBF4F88-3BC5-4008-B373-0D0942DE176B}.Debug|x64.Build.0 = Debug|Any CPU
		{9BBF4F88-3BC5-4008-B373-0D0942DE176B}.Debug|x86.ActiveCfg = Debug|Any CPU
		{9BBF4F88-3BC5-4008-B373-0D0942DE176B}.Debug|x86.Build.0 = Debug|Any CPU
		{9BBF4F88-3BC5-4008-B373-0D0942DE176B}.Release|Any CPU.ActiveCfg = Release|Any CPU
		{9BBF4F88-3BC5-4008-B373-0D0942DE176B}.Release|Any CPU.Build.0 = Release|Any CPU
		{9BBF4F88-3BC5-4008-B373-0D0942DE176B}.Release|ARM.ActiveCfg = Release|Any CPU
		{9BBF4F88-3BC5-4008-B373-0D0942DE176B}.Release|ARM.Build.0 = Release|Any CPU
		{9BBF4F88-3BC5-4008-B373-0D0942DE176B}.Release|ARM64.ActiveCfg = Release|Any CPU
		{9BBF4F88-3BC5-4008-B373-0D0942DE176B}.Release|ARM64.Build.0 = Release|Any CPU
		{9BBF4F88-3BC5-4008-B373-0D0942DE176B}.Release|x64.ActiveCfg = Release|Any CPU
		{9BBF4F88-3BC5-4008-B373-0D0942DE176B}.Release|x64.Build.0 = Release|Any CPU
		{9BBF4F88-3BC5-4008-B373-0D0942DE176B}.Release|x86.ActiveCfg = Release|Any CPU
		{9BBF4F88-3BC5-4008-B373-0D0942DE176B}.Release|x86.Build.0 = Release|Any CPU
	EndGlobalSection
	GlobalSection(SolutionProperties) = preSolution
		HideSolutionNode = FALSE
	EndGlobalSection
	GlobalSection(NestedProjects) = preSolution
		{4A3A97C1-DFFA-4675-96C7-1717FDD9C28A} = {781089E5-60A3-4FB8-B543-F1D39622147E}
		{F874FC7C-5BFB-4959-9ADB-406A142BB827} = {7D270F1E-0D98-4030-8F14-77B54CA29F7D}
		{6037D0BE-69ED-4D59-9FD1-F6F5EFD7DF7E} = {7D270F1E-0D98-4030-8F14-77B54CA29F7D}
		{A0F59268-AE0A-4F7F-97E1-1A97314BB03C} = {7D270F1E-0D98-4030-8F14-77B54CA29F7D}
		{74D1A486-65D4-4125-A33D-117ACB2FCEB0} = {7D270F1E-0D98-4030-8F14-77B54CA29F7D}
		{C9E18C36-298F-41D7-8A05-56A28FC5CE85} = {781089E5-60A3-4FB8-B543-F1D39622147E}
		{43C0765E-E24D-41D2-B8C5-0386082CB365} = {781089E5-60A3-4FB8-B543-F1D39622147E}
		{46E9DC27-2704-4FE3-B40A-677CB7C2869D} = {781089E5-60A3-4FB8-B543-F1D39622147E}
		{D0A4E78A-7097-42A4-8677-8E39D91360F9} = {781089E5-60A3-4FB8-B543-F1D39622147E}
		{A3B42CCF-E32C-49D4-A8F2-272D115C3ECD} = {781089E5-60A3-4FB8-B543-F1D39622147E}
		{B11CE738-96B3-488D-A473-FC88A246FDD2} = {781089E5-60A3-4FB8-B543-F1D39622147E}
		{4485455A-C05A-4160-AC05-A9EA89ED7834} = {781089E5-60A3-4FB8-B543-F1D39622147E}
		{0E3C5461-2C96-4395-A07D-F28511C81960} = {781089E5-60A3-4FB8-B543-F1D39622147E}
		{9BBF4F88-3BC5-4008-B373-0D0942DE176B} = {781089E5-60A3-4FB8-B543-F1D39622147E}
	EndGlobalSection
	GlobalSection(ExtensibilityGlobals) = postSolution
		SolutionGuid = {B7FF891D-8D87-4237-88E2-0F0533414BFC}
	EndGlobalSection
EndGlobal
