
Microsoft Visual Studio Solution File, Format Version 12.00
# Visual Studio 15
VisualStudioVersion = 15.0.28307.1022
MinimumVisualStudioVersion = 10.0.40219.1
Project("{2150E333-8FDC-42A3-9474-1A3956D46DE8}") = "StacksAndQueues", "StacksAndQueues", "{781089E5-60A3-4FB8-B543-F1D39622147E}"
EndProject
Project("{FAE04EC0-301F-11D3-BF4B-00C04F79EFBC}") = "ReverseString", "ReverseString\ReverseString.csproj", "{4A3A97C1-DFFA-4675-96C7-1717FDD9C28A}"
EndProject
Project("{2150E333-8FDC-42A3-9474-1A3956D46DE8}") = "Exam", "Exam", "{7D270F1E-0D98-4030-8F14-77B54CA29F7D}"
EndProject
Project("{FAE04EC0-301F-11D3-BF4B-00C04F79EFBC}") = "SweetDEssert", "SweetDEssert\SweetDEssert.csproj", "{F874FC7C-5BFB-4959-9ADB-406A142BB827}"
EndProject
Project("{FAE04EC0-301F-11D3-BF4B-00C04F79EFBC}") = "GameOfNames", "GameOfNames\GameOfNames.csproj", "{6037D0BE-69ED-4D59-9FD1-F6F5EFD7DF7E}"
EndProject
Project("{FAE04EC0-301F-11D3-BF4B-00C04F79EFBC}") = "Strawberry", "Strawberry\Strawberry.csproj", "{A0F59268-AE0A-4F7F-97E1-1A97314BB03C}"
EndProject
Project("{FAE04EC0-301F-11D3-BF4B-00C04F79EFBC}") = "ArrayModifier", "ArrayModifier\ArrayModifier.csproj", "{74D1A486-65D4-4125-A33D-117ACB2FCEB0}"
EndProject
Global
	GlobalSection(SolutionConfigurationPlatforms) = preSolution
		Debug|Any CPU = Debug|Any CPU
		Debug|ARM = Debug|ARM
		Debug|ARM64 = Debug|ARM64
		Debug|x64 = Debug|x64
		Debug|x86 = Debug|x86
		Release|Any CPU = Release|Any CPU
		Release|ARM = Release|ARM
		Release|ARM64 = Release|ARM64
		Release|x64 = Release|x64
		Release|x86 = Release|x86
	EndGlobalSection
	GlobalSection(ProjectConfigurationPlatforms) = postSolution
		{4A3A97C1-DFFA-4675-96C7-1717FDD9C28A}.Debug|Any CPU.ActiveCfg = Debug|Any CPU
		{4A3A97C1-DFFA-4675-96C7-1717FDD9C28A}.Debug|Any CPU.Build.0 = Debug|Any CPU
		{4A3A97C1-DFFA-4675-96C7-1717FDD9C28A}.Debug|ARM.ActiveCfg = Debug|Any CPU
		{4A3A97C1-DFFA-4675-96C7-1717FDD9C28A}.Debug|ARM.Build.0 = Debug|Any CPU
		{4A3A97C1-DFFA-4675-96C7-1717FDD9C28A}.Debug|ARM64.ActiveCfg = Debug|Any CPU
		{4A3A97C1-DFFA-4675-96C7-1717FDD9C28A}.Debug|ARM64.Build.0 = Debug|Any CPU
		{4A3A97C1-DFFA-4675-96C7-1717FDD9C28A}.Debug|x64.ActiveCfg = Debug|Any CPU
		{4A3A97C1-DFFA-4675-96C7-1717FDD9C28A}.Debug|x64.Build.0 = Debug|Any CPU
		{4A3A97C1-DFFA-4675-96C7-1717FDD9C28A}.Debug|x86.ActiveCfg = Debug|Any CPU
		{4A3A97C1-DFFA-4675-96C7-1717FDD9C28A}.Debug|x86.Build.0 = Debug|Any CPU
		{4A3A97C1-DFFA-4675-96C7-1717FDD9C28A}.Release|Any CPU.ActiveCfg = Release|Any CPU
		{4A3A97C1-DFFA-4675-96C7-1717FDD9C28A}.Release|Any CPU.Build.0 = Release|Any CPU
		{4A3A97C1-DFFA-4675-96C7-1717FDD9C28A}.Release|ARM.ActiveCfg = Release|Any CPU
		{4A3A97C1-DFFA-4675-96C7-1717FDD9C28A}.Release|ARM.Build.0 = Release|Any CPU
		{4A3A97C1-DFFA-4675-96C7-1717FDD9C28A}.Release|ARM64.ActiveCfg = Release|Any CPU
		{4A3A97C1-DFFA-4675-96C7-1717FDD9C28A}.Release|ARM64.Build.0 = Release|Any CPU
		{4A3A97C1-DFFA-4675-96C7-1717FDD9C28A}.Release|x64.ActiveCfg = Release|Any CPU
		{4A3A97C1-DFFA-4675-96C7-1717FDD9C28A}.Release|x64.Build.0 = Release|Any CPU
		{4A3A97C1-DFFA-4675-96C7-1717FDD9C28A}.Release|x86.ActiveCfg = Release|Any CPU
		{4A3A97C1-DFFA-4675-96C7-1717FDD9C28A}.Release|x86.Build.0 = Release|Any CPU
		{F874FC7C-5BFB-4959-9ADB-406A142BB827}.Debug|Any CPU.ActiveCfg = Debug|Any CPU
		{F874FC7C-5BFB-4959-9ADB-406A142BB827}.Debug|Any CPU.Build.0 = Debug|Any CPU
		{F874FC7C-5BFB-4959-9ADB-406A142BB827}.Debug|ARM.ActiveCfg = Debug|Any CPU
		{F874FC7C-5BFB-4959-9ADB-406A142BB827}.Debug|ARM.Build.0 = Debug|Any CPU
		{F874FC7C-5BFB-4959-9ADB-406A142BB827}.Debug|ARM64.ActiveCfg = Debug|Any CPU
		{F874FC7C-5BFB-4959-9ADB-406A142BB827}.Debug|ARM64.Build.0 = Debug|Any CPU
		{F874FC7C-5BFB-4959-9ADB-406A142BB827}.Debug|x64.ActiveCfg = Debug|Any CPU
		{F874FC7C-5BFB-4959-9ADB-406A142BB827}.Debug|x64.Build.0 = Debug|Any CPU
		{F874FC7C-5BFB-4959-9ADB-406A142BB827}.Debug|x86.ActiveCfg = Debug|Any CPU
		{F874FC7C-5BFB-4959-9ADB-406A142BB827}.Debug|x86.Build.0 = Debug|Any CPU
		{F874FC7C-5BFB-4959-9ADB-406A142BB827}.Release|Any CPU.ActiveCfg = Release|Any CPU
		{F874FC7C-5BFB-4959-9ADB-406A142BB827}.Release|Any CPU.Build.0 = Release|Any CPU
		{F874FC7C-5BFB-4959-9ADB-406A142BB827}.Release|ARM.ActiveCfg = Release|Any CPU
		{F874FC7C-5BFB-4959-9ADB-406A142BB827}.Release|ARM.Build.0 = Release|Any CPU
		{F874FC7C-5BFB-4959-9ADB-406A142BB827}.Release|ARM64.ActiveCfg = Release|Any CPU
		{F874FC7C-5BFB-4959-9ADB-406A142BB827}.Release|ARM64.Build.0 = Release|Any CPU
		{F874FC7C-5BFB-4959-9ADB-406A142BB827}.Release|x64.ActiveCfg = Release|Any CPU
		{F874FC7C-5BFB-4959-9ADB-406A142BB827}.Release|x64.Build.0 = Release|Any CPU
		{F874FC7C-5BFB-4959-9ADB-406A142BB827}.Release|x86.ActiveCfg = Release|Any CPU
		{F874FC7C-5BFB-4959-9ADB-406A142BB827}.Release|x86.Build.0 = Release|Any CPU
		{6037D0BE-69ED-4D59-9FD1-F6F5EFD7DF7E}.Debug|Any CPU.ActiveCfg = Debug|Any CPU
		{6037D0BE-69ED-4D59-9FD1-F6F5EFD7DF7E}.Debug|Any CPU.Build.0 = Debug|Any CPU
		{6037D0BE-69ED-4D59-9FD1-F6F5EFD7DF7E}.Debug|ARM.ActiveCfg = Debug|Any CPU
		{6037D0BE-69ED-4D59-9FD1-F6F5EFD7DF7E}.Debug|ARM.Build.0 = Debug|Any CPU
		{6037D0BE-69ED-4D59-9FD1-F6F5EFD7DF7E}.Debug|ARM64.ActiveCfg = Debug|Any CPU
		{6037D0BE-69ED-4D59-9FD1-F6F5EFD7DF7E}.Debug|ARM64.Build.0 = Debug|Any CPU
		{6037D0BE-69ED-4D59-9FD1-F6F5EFD7DF7E}.Debug|x64.ActiveCfg = Debug|Any CPU
		{6037D0BE-69ED-4D59-9FD1-F6F5EFD7DF7E}.Debug|x64.Build.0 = Debug|Any CPU
		{6037D0BE-69ED-4D59-9FD1-F6F5EFD7DF7E}.Debug|x86.ActiveCfg = Debug|Any CPU
		{6037D0BE-69ED-4D59-9FD1-F6F5EFD7DF7E}.Debug|x86.Build.0 = Debug|Any CPU
		{6037D0BE-69ED-4D59-9FD1-F6F5EFD7DF7E}.Release|Any CPU.ActiveCfg = Release|Any CPU
		{6037D0BE-69ED-4D59-9FD1-F6F5EFD7DF7E}.Release|Any CPU.Build.0 = Release|Any CPU
		{6037D0BE-69ED-4D59-9FD1-F6F5EFD7DF7E}.Release|ARM.ActiveCfg = Release|Any CPU
		{6037D0BE-69ED-4D59-9FD1-F6F5EFD7DF7E}.Release|ARM.Build.0 = Release|Any CPU
		{6037D0BE-69ED-4D59-9FD1-F6F5EFD7DF7E}.Release|ARM64.ActiveCfg = Release|Any CPU
		{6037D0BE-69ED-4D59-9FD1-F6F5EFD7DF7E}.Release|ARM64.Build.0 = Release|Any CPU
		{6037D0BE-69ED-4D59-9FD1-F6F5EFD7DF7E}.Release|x64.ActiveCfg = Release|Any CPU
		{6037D0BE-69ED-4D59-9FD1-F6F5EFD7DF7E}.Release|x64.Build.0 = Release|Any CPU
		{6037D0BE-69ED-4D59-9FD1-F6F5EFD7DF7E}.Release|x86.ActiveCfg = Release|Any CPU
		{6037D0BE-69ED-4D59-9FD1-F6F5EFD7DF7E}.Release|x86.Build.0 = Release|Any CPU
		{A0F59268-AE0A-4F7F-97E1-1A97314BB03C}.Debug|Any CPU.ActiveCfg = Debug|Any CPU
		{A0F59268-AE0A-4F7F-97E1-1A97314BB03C}.Debug|Any CPU.Build.0 = Debug|Any CPU
		{A0F59268-AE0A-4F7F-97E1-1A97314BB03C}.Debug|ARM.ActiveCfg = Debug|Any CPU
		{A0F59268-AE0A-4F7F-97E1-1A97314BB03C}.Debug|ARM.Build.0 = Debug|Any CPU
		{A0F59268-AE0A-4F7F-97E1-1A97314BB03C}.Debug|ARM64.ActiveCfg = Debug|Any CPU
		{A0F59268-AE0A-4F7F-97E1-1A97314BB03C}.Debug|ARM64.Build.0 = Debug|Any CPU
		{A0F59268-AE0A-4F7F-97E1-1A97314BB03C}.Debug|x64.ActiveCfg = Debug|Any CPU
		{A0F59268-AE0A-4F7F-97E1-1A97314BB03C}.Debug|x64.Build.0 = Debug|Any CPU
		{A0F59268-AE0A-4F7F-97E1-1A97314BB03C}.Debug|x86.ActiveCfg = Debug|Any CPU
		{A0F59268-AE0A-4F7F-97E1-1A97314BB03C}.Debug|x86.Build.0 = Debug|Any CPU
		{A0F59268-AE0A-4F7F-97E1-1A97314BB03C}.Release|Any CPU.ActiveCfg = Release|Any CPU
		{A0F59268-AE0A-4F7F-97E1-1A97314BB03C}.Release|Any CPU.Build.0 = Release|Any CPU
		{A0F59268-AE0A-4F7F-97E1-1A97314BB03C}.Release|ARM.ActiveCfg = Release|Any CPU
		{A0F59268-AE0A-4F7F-97E1-1A97314BB03C}.Release|ARM.Build.0 = Release|Any CPU
		{A0F59268-AE0A-4F7F-97E1-1A97314BB03C}.Release|ARM64.ActiveCfg = Release|Any CPU
		{A0F59268-AE0A-4F7F-97E1-1A97314BB03C}.Release|ARM64.Build.0 = Release|Any CPU
		{A0F59268-AE0A-4F7F-97E1-1A97314BB03C}.Release|x64.ActiveCfg = Release|Any CPU
		{A0F59268-AE0A-4F7F-97E1-1A97314BB03C}.Release|x64.Build.0 = Release|Any CPU
		{A0F59268-AE0A-4F7F-97E1-1A97314BB03C}.Release|x86.ActiveCfg = Release|Any CPU
		{A0F59268-AE0A-4F7F-97E1-1A97314BB03C}.Release|x86.Build.0 = Release|Any CPU
		{74D1A486-65D4-4125-A33D-117ACB2FCEB0}.Debug|Any CPU.ActiveCfg = Debug|Any CPU
		{74D1A486-65D4-4125-A33D-117ACB2FCEB0}.Debug|Any CPU.Build.0 = Debug|Any CPU
		{74D1A486-65D4-4125-A33D-117ACB2FCEB0}.Debug|ARM.ActiveCfg = Debug|Any CPU
		{74D1A486-65D4-4125-A33D-117ACB2FCEB0}.Debug|ARM.Build.0 = Debug|Any CPU
		{74D1A486-65D4-4125-A33D-117ACB2FCEB0}.Debug|ARM64.ActiveCfg = Debug|Any CPU
		{74D1A486-65D4-4125-A33D-117ACB2FCEB0}.Debug|ARM64.Build.0 = Debug|Any CPU
		{74D1A486-65D4-4125-A33D-117ACB2FCEB0}.Debug|x64.ActiveCfg = Debug|Any CPU
		{74D1A486-65D4-4125-A33D-117ACB2FCEB0}.Debug|x64.Build.0 = Debug|Any CPU
		{74D1A486-65D4-4125-A33D-117ACB2FCEB0}.Debug|x86.ActiveCfg = Debug|Any CPU
		{74D1A486-65D4-4125-A33D-117ACB2FCEB0}.Debug|x86.Build.0 = Debug|Any CPU
		{74D1A486-65D4-4125-A33D-117ACB2FCEB0}.Release|Any CPU.ActiveCfg = Release|Any CPU
		{74D1A486-65D4-4125-A33D-117ACB2FCEB0}.Release|Any CPU.Build.0 = Release|Any CPU
		{74D1A486-65D4-4125-A33D-117ACB2FCEB0}.Release|ARM.ActiveCfg = Release|Any CPU
		{74D1A486-65D4-4125-A33D-117ACB2FCEB0}.Release|ARM.Build.0 = Release|Any CPU
		{74D1A486-65D4-4125-A33D-117ACB2FCEB0}.Release|ARM64.ActiveCfg = Release|Any CPU
		{74D1A486-65D4-4125-A33D-117ACB2FCEB0}.Release|ARM64.Build.0 = Release|Any CPU
		{74D1A486-65D4-4125-A33D-117ACB2FCEB0}.Release|x64.ActiveCfg = Release|Any CPU
		{74D1A486-65D4-4125-A33D-117ACB2FCEB0}.Release|x64.Build.0 = Release|Any CPU
		{74D1A486-65D4-4125-A33D-117ACB2FCEB0}.Release|x86.ActiveCfg = Release|Any CPU
		{74D1A486-65D4-4125-A33D-117ACB2FCEB0}.Release|x86.Build.0 = Release|Any CPU
	EndGlobalSection
	GlobalSection(SolutionProperties) = preSolution
		HideSolutionNode = FALSE
	EndGlobalSection
	GlobalSection(NestedProjects) = preSolution
		{4A3A97C1-DFFA-4675-96C7-1717FDD9C28A} = {781089E5-60A3-4FB8-B543-F1D39622147E}
		{F874FC7C-5BFB-4959-9ADB-406A142BB827} = {7D270F1E-0D98-4030-8F14-77B54CA29F7D}
		{6037D0BE-69ED-4D59-9FD1-F6F5EFD7DF7E} = {7D270F1E-0D98-4030-8F14-77B54CA29F7D}
		{A0F59268-AE0A-4F7F-97E1-1A97314BB03C} = {7D270F1E-0D98-4030-8F14-77B54CA29F7D}
		{74D1A486-65D4-4125-A33D-117ACB2FCEB0} = {7D270F1E-0D98-4030-8F14-77B54CA29F7D}
	EndGlobalSection
	GlobalSection(ExtensibilityGlobals) = postSolution
		SolutionGuid = {B7FF891D-8D87-4237-88E2-0F0533414BFC}
	EndGlobalSection
EndGlobal
